PODS:
  - Crashlytics (3.7.0):
    - Fabric (~> 1.6.3)
  - Fabric (1.6.7)
  - google-cast-sdk (2.10.4):
    - google-cast-sdk/Assets (= 2.10.4)
    - google-cast-sdk/Core (= 2.10.4)
  - google-cast-sdk/Assets (2.10.4):
    - google-cast-sdk/Core
  - google-cast-sdk/Core (2.10.4)
  - GroupSettingsManager (0.1.0)

DEPENDENCIES:
  - Crashlytics
  - Fabric
  - google-cast-sdk
  - GroupSettingsManager

SPEC CHECKSUMS:
  Crashlytics: c3a2333dea9e2733d2777f730910321fc9e25c0d
  Fabric: caf7580c725e64db144f610ac65cd60956911dc7
  google-cast-sdk: eb83ef6b875969e765011c457b254539c0978792
  GroupSettingsManager: 9307b3ebaf5212246077219964c381ecf0e94be4

COCOAPODS: 0.39.0
